
Microsoft Visual Studio Solution File, Format Version 11.00
# Visual Studio 2010
Project("{FAE04EC0-301F-11D3-BF4B-00C04F79EFBC}") = "Nancy.Authentication.FacebookSdk", "Nancy.Authentication.FacebookSdk\Nancy.Authentication.FacebookSdk.csproj", "{5B7C343B-0900-4FD1-B298-DCC27562DC82}"
EndProject
Project("{2150E333-8FDC-42A3-9474-1A3956D46DE8}") = "dependencies", "dependencies", "{D2901C5A-522E-4490-AF6A-E6A4C058DB83}"
EndProject
Project("{FAE04EC0-301F-11D3-BF4B-00C04F79EFBC}") = "Nancy", "..\dependencies\Nancy\src\Nancy\Nancy.csproj", "{34576216-0DCA-4B0F-A0DC-9075E75A676F}"
EndProject
Project("{FAE04EC0-301F-11D3-BF4B-00C04F79EFBC}") = "Facebook-Net40", "..\dependencies\facebook-csharp-sdk\Source\Facebook\Facebook-Net40.csproj", "{857E540C-0092-4590-A279-F98A6B77AC0A}"
EndProject
Project("{FAE04EC0-301F-11D3-BF4B-00C04F79EFBC}") = "Nancy.Authentication.FacebookSdk.Tests", "Nancy.Authentication.FacebookSdk.Tests\Nancy.Authentication.FacebookSdk.Tests.csproj", "{FDAFCDE1-A756-46A8-82BC-3FE54D41F979}"
EndProject
Project("{FAE04EC0-301F-11D3-BF4B-00C04F79EFBC}") = "Nancy.Authentication.Forms", "..\dependencies\Nancy\src\Nancy.Authentication.Forms\Nancy.Authentication.Forms.csproj", "{E8B18958-7C8A-4FBA-AF00-3041C34A20CE}"
EndProject
Project("{FAE04EC0-301F-11D3-BF4B-00C04F79EFBC}") = "Nancy.Authentication.Forms.Tests", "..\dependencies\Nancy\src\Nancy.Authentication.Forms.Tests\Nancy.Authentication.Forms.Tests.csproj", "{4E974051-38C2-4B5D-A6B1-F265A428A673}"
EndProject
Project("{FAE04EC0-301F-11D3-BF4B-00C04F79EFBC}") = "Nancy.Demo.Authentication.FacebookSdk", "Nancy.Demo.Authentication.FacebookSdk\Nancy.Demo.Authentication.FacebookSdk.csproj", "{0CBDD236-9F63-4CCA-984E-001E1F353E8D}"
EndProject
Project("{FAE04EC0-301F-11D3-BF4B-00C04F79EFBC}") = "Nancy.ViewEngines.Razor", "..\dependencies\Nancy\src\Nancy.ViewEngines.Razor\Nancy.ViewEngines.Razor.csproj", "{2C6F51DF-015C-4DB6-B44C-0E5E4F25E2A9}"
EndProject
Project("{FAE04EC0-301F-11D3-BF4B-00C04F79EFBC}") = "Nancy.Hosting.Aspnet", "..\dependencies\Nancy\src\Nancy.Hosting.Aspnet\Nancy.Hosting.Aspnet.csproj", "{15B7F794-0BB2-4B66-AD78-4A951F1209B2}"
EndProject
Project("{FAE04EC0-301F-11D3-BF4B-00C04F79EFBC}") = "Nancy.ViewEngines.Razor.BuildProviders", "..\dependencies\Nancy\src\Nancy.ViewEngines.Razor.BuildProviders\Nancy.ViewEngines.Razor.BuildProviders.csproj", "{EDF3E264-2D0F-4440-99FF-45D279A598A9}"
EndProject
Global
	GlobalSection(SolutionConfigurationPlatforms) = preSolution
		Debug|Any CPU = Debug|Any CPU
		Debug|Mixed Platforms = Debug|Mixed Platforms
		Debug|x86 = Debug|x86
		MonoDebug|Any CPU = MonoDebug|Any CPU
		MonoDebug|Mixed Platforms = MonoDebug|Mixed Platforms
		MonoDebug|x86 = MonoDebug|x86
		MonoRelease|Any CPU = MonoRelease|Any CPU
		MonoRelease|Mixed Platforms = MonoRelease|Mixed Platforms
		MonoRelease|x86 = MonoRelease|x86
		Release|Any CPU = Release|Any CPU
		Release|Mixed Platforms = Release|Mixed Platforms
		Release|x86 = Release|x86
	EndGlobalSection
	GlobalSection(ProjectConfigurationPlatforms) = postSolution
		{5B7C343B-0900-4FD1-B298-DCC27562DC82}.Debug|Any CPU.ActiveCfg = Debug|Any CPU
		{5B7C343B-0900-4FD1-B298-DCC27562DC82}.Debug|Any CPU.Build.0 = Debug|Any CPU
		{5B7C343B-0900-4FD1-B298-DCC27562DC82}.Debug|Mixed Platforms.ActiveCfg = Debug|Any CPU
		{5B7C343B-0900-4FD1-B298-DCC27562DC82}.Debug|Mixed Platforms.Build.0 = Debug|Any CPU
		{5B7C343B-0900-4FD1-B298-DCC27562DC82}.Debug|x86.ActiveCfg = Debug|Any CPU
		{5B7C343B-0900-4FD1-B298-DCC27562DC82}.MonoDebug|Any CPU.ActiveCfg = Debug|Any CPU
		{5B7C343B-0900-4FD1-B298-DCC27562DC82}.MonoDebug|Any CPU.Build.0 = Debug|Any CPU
		{5B7C343B-0900-4FD1-B298-DCC27562DC82}.MonoDebug|Mixed Platforms.ActiveCfg = Debug|Any CPU
		{5B7C343B-0900-4FD1-B298-DCC27562DC82}.MonoDebug|Mixed Platforms.Build.0 = Debug|Any CPU
		{5B7C343B-0900-4FD1-B298-DCC27562DC82}.MonoDebug|x86.ActiveCfg = Debug|Any CPU
		{5B7C343B-0900-4FD1-B298-DCC27562DC82}.MonoRelease|Any CPU.ActiveCfg = Release|Any CPU
		{5B7C343B-0900-4FD1-B298-DCC27562DC82}.MonoRelease|Any CPU.Build.0 = Release|Any CPU
		{5B7C343B-0900-4FD1-B298-DCC27562DC82}.MonoRelease|Mixed Platforms.ActiveCfg = Release|Any CPU
		{5B7C343B-0900-4FD1-B298-DCC27562DC82}.MonoRelease|Mixed Platforms.Build.0 = Release|Any CPU
		{5B7C343B-0900-4FD1-B298-DCC27562DC82}.MonoRelease|x86.ActiveCfg = Release|Any CPU
		{5B7C343B-0900-4FD1-B298-DCC27562DC82}.Release|Any CPU.ActiveCfg = Release|Any CPU
		{5B7C343B-0900-4FD1-B298-DCC27562DC82}.Release|Any CPU.Build.0 = Release|Any CPU
		{5B7C343B-0900-4FD1-B298-DCC27562DC82}.Release|Mixed Platforms.ActiveCfg = Release|Any CPU
		{5B7C343B-0900-4FD1-B298-DCC27562DC82}.Release|Mixed Platforms.Build.0 = Release|Any CPU
		{5B7C343B-0900-4FD1-B298-DCC27562DC82}.Release|x86.ActiveCfg = Release|Any CPU
		{34576216-0DCA-4B0F-A0DC-9075E75A676F}.Debug|Any CPU.ActiveCfg = Debug|Any CPU
		{34576216-0DCA-4B0F-A0DC-9075E75A676F}.Debug|Any CPU.Build.0 = Debug|Any CPU
		{34576216-0DCA-4B0F-A0DC-9075E75A676F}.Debug|Mixed Platforms.ActiveCfg = Debug|Any CPU
		{34576216-0DCA-4B0F-A0DC-9075E75A676F}.Debug|Mixed Platforms.Build.0 = Debug|Any CPU
		{34576216-0DCA-4B0F-A0DC-9075E75A676F}.Debug|x86.ActiveCfg = Debug|Any CPU
		{34576216-0DCA-4B0F-A0DC-9075E75A676F}.MonoDebug|Any CPU.ActiveCfg = MonoDebug|Any CPU
		{34576216-0DCA-4B0F-A0DC-9075E75A676F}.MonoDebug|Any CPU.Build.0 = MonoDebug|Any CPU
		{34576216-0DCA-4B0F-A0DC-9075E75A676F}.MonoDebug|Mixed Platforms.ActiveCfg = MonoDebug|Any CPU
		{34576216-0DCA-4B0F-A0DC-9075E75A676F}.MonoDebug|Mixed Platforms.Build.0 = MonoDebug|Any CPU
		{34576216-0DCA-4B0F-A0DC-9075E75A676F}.MonoDebug|x86.ActiveCfg = MonoDebug|Any CPU
		{34576216-0DCA-4B0F-A0DC-9075E75A676F}.MonoRelease|Any CPU.ActiveCfg = MonoRelease|Any CPU
		{34576216-0DCA-4B0F-A0DC-9075E75A676F}.MonoRelease|Any CPU.Build.0 = MonoRelease|Any CPU
		{34576216-0DCA-4B0F-A0DC-9075E75A676F}.MonoRelease|Mixed Platforms.ActiveCfg = MonoRelease|Any CPU
		{34576216-0DCA-4B0F-A0DC-9075E75A676F}.MonoRelease|Mixed Platforms.Build.0 = MonoRelease|Any CPU
		{34576216-0DCA-4B0F-A0DC-9075E75A676F}.MonoRelease|x86.ActiveCfg = MonoRelease|Any CPU
		{34576216-0DCA-4B0F-A0DC-9075E75A676F}.Release|Any CPU.ActiveCfg = Release|Any CPU
		{34576216-0DCA-4B0F-A0DC-9075E75A676F}.Release|Any CPU.Build.0 = Release|Any CPU
		{34576216-0DCA-4B0F-A0DC-9075E75A676F}.Release|Mixed Platforms.ActiveCfg = Release|Any CPU
		{34576216-0DCA-4B0F-A0DC-9075E75A676F}.Release|Mixed Platforms.Build.0 = Release|Any CPU
		{34576216-0DCA-4B0F-A0DC-9075E75A676F}.Release|x86.ActiveCfg = Release|Any CPU
		{857E540C-0092-4590-A279-F98A6B77AC0A}.Debug|Any CPU.ActiveCfg = Debug|Any CPU
		{857E540C-0092-4590-A279-F98A6B77AC0A}.Debug|Any CPU.Build.0 = Debug|Any CPU
		{857E540C-0092-4590-A279-F98A6B77AC0A}.Debug|Mixed Platforms.ActiveCfg = Debug|Any CPU
		{857E540C-0092-4590-A279-F98A6B77AC0A}.Debug|Mixed Platforms.Build.0 = Debug|Any CPU
		{857E540C-0092-4590-A279-F98A6B77AC0A}.Debug|x86.ActiveCfg = Debug|Any CPU
		{857E540C-0092-4590-A279-F98A6B77AC0A}.MonoDebug|Any CPU.ActiveCfg = Debug|Any CPU
		{857E540C-0092-4590-A279-F98A6B77AC0A}.MonoDebug|Any CPU.Build.0 = Debug|Any CPU
		{857E540C-0092-4590-A279-F98A6B77AC0A}.MonoDebug|Mixed Platforms.ActiveCfg = Debug|Any CPU
		{857E540C-0092-4590-A279-F98A6B77AC0A}.MonoDebug|Mixed Platforms.Build.0 = Debug|Any CPU
		{857E540C-0092-4590-A279-F98A6B77AC0A}.MonoDebug|x86.ActiveCfg = Debug|Any CPU
		{857E540C-0092-4590-A279-F98A6B77AC0A}.MonoRelease|Any CPU.ActiveCfg = Release|Any CPU
		{857E540C-0092-4590-A279-F98A6B77AC0A}.MonoRelease|Any CPU.Build.0 = Release|Any CPU
		{857E540C-0092-4590-A279-F98A6B77AC0A}.MonoRelease|Mixed Platforms.ActiveCfg = Release|Any CPU
		{857E540C-0092-4590-A279-F98A6B77AC0A}.MonoRelease|Mixed Platforms.Build.0 = Release|Any CPU
		{857E540C-0092-4590-A279-F98A6B77AC0A}.MonoRelease|x86.ActiveCfg = Release|Any CPU
		{857E540C-0092-4590-A279-F98A6B77AC0A}.Release|Any CPU.ActiveCfg = Release|Any CPU
		{857E540C-0092-4590-A279-F98A6B77AC0A}.Release|Any CPU.Build.0 = Release|Any CPU
		{857E540C-0092-4590-A279-F98A6B77AC0A}.Release|Mixed Platforms.ActiveCfg = Release|Any CPU
		{857E540C-0092-4590-A279-F98A6B77AC0A}.Release|Mixed Platforms.Build.0 = Release|Any CPU
		{857E540C-0092-4590-A279-F98A6B77AC0A}.Release|x86.ActiveCfg = Release|Any CPU
		{FDAFCDE1-A756-46A8-82BC-3FE54D41F979}.Debug|Any CPU.ActiveCfg = Debug|Any CPU
		{FDAFCDE1-A756-46A8-82BC-3FE54D41F979}.Debug|Any CPU.Build.0 = Debug|Any CPU
		{FDAFCDE1-A756-46A8-82BC-3FE54D41F979}.Debug|Mixed Platforms.ActiveCfg = Debug|Any CPU
		{FDAFCDE1-A756-46A8-82BC-3FE54D41F979}.Debug|Mixed Platforms.Build.0 = Debug|Any CPU
		{FDAFCDE1-A756-46A8-82BC-3FE54D41F979}.Debug|x86.ActiveCfg = Debug|Any CPU
		{FDAFCDE1-A756-46A8-82BC-3FE54D41F979}.MonoDebug|Any CPU.ActiveCfg = Debug|Any CPU
		{FDAFCDE1-A756-46A8-82BC-3FE54D41F979}.MonoDebug|Any CPU.Build.0 = Debug|Any CPU
		{FDAFCDE1-A756-46A8-82BC-3FE54D41F979}.MonoDebug|Mixed Platforms.ActiveCfg = Debug|Any CPU
		{FDAFCDE1-A756-46A8-82BC-3FE54D41F979}.MonoDebug|Mixed Platforms.Build.0 = Debug|Any CPU
		{FDAFCDE1-A756-46A8-82BC-3FE54D41F979}.MonoDebug|x86.ActiveCfg = Debug|Any CPU
		{FDAFCDE1-A756-46A8-82BC-3FE54D41F979}.MonoRelease|Any CPU.ActiveCfg = Release|Any CPU
		{FDAFCDE1-A756-46A8-82BC-3FE54D41F979}.MonoRelease|Any CPU.Build.0 = Release|Any CPU
		{FDAFCDE1-A756-46A8-82BC-3FE54D41F979}.MonoRelease|Mixed Platforms.ActiveCfg = Release|Any CPU
		{FDAFCDE1-A756-46A8-82BC-3FE54D41F979}.MonoRelease|Mixed Platforms.Build.0 = Release|Any CPU
		{FDAFCDE1-A756-46A8-82BC-3FE54D41F979}.MonoRelease|x86.ActiveCfg = Release|Any CPU
		{FDAFCDE1-A756-46A8-82BC-3FE54D41F979}.Release|Any CPU.ActiveCfg = Release|Any CPU
		{FDAFCDE1-A756-46A8-82BC-3FE54D41F979}.Release|Any CPU.Build.0 = Release|Any CPU
		{FDAFCDE1-A756-46A8-82BC-3FE54D41F979}.Release|Mixed Platforms.ActiveCfg = Release|Any CPU
		{FDAFCDE1-A756-46A8-82BC-3FE54D41F979}.Release|Mixed Platforms.Build.0 = Release|Any CPU
		{FDAFCDE1-A756-46A8-82BC-3FE54D41F979}.Release|x86.ActiveCfg = Release|Any CPU
		{E8B18958-7C8A-4FBA-AF00-3041C34A20CE}.Debug|Any CPU.ActiveCfg = Debug|Any CPU
		{E8B18958-7C8A-4FBA-AF00-3041C34A20CE}.Debug|Any CPU.Build.0 = Debug|Any CPU
		{E8B18958-7C8A-4FBA-AF00-3041C34A20CE}.Debug|Mixed Platforms.ActiveCfg = Debug|Any CPU
		{E8B18958-7C8A-4FBA-AF00-3041C34A20CE}.Debug|Mixed Platforms.Build.0 = Debug|Any CPU
		{E8B18958-7C8A-4FBA-AF00-3041C34A20CE}.Debug|x86.ActiveCfg = Debug|Any CPU
		{E8B18958-7C8A-4FBA-AF00-3041C34A20CE}.MonoDebug|Any CPU.ActiveCfg = MonoDebug|Any CPU
		{E8B18958-7C8A-4FBA-AF00-3041C34A20CE}.MonoDebug|Any CPU.Build.0 = MonoDebug|Any CPU
		{E8B18958-7C8A-4FBA-AF00-3041C34A20CE}.MonoDebug|Mixed Platforms.ActiveCfg = MonoDebug|Any CPU
		{E8B18958-7C8A-4FBA-AF00-3041C34A20CE}.MonoDebug|Mixed Platforms.Build.0 = MonoDebug|Any CPU
		{E8B18958-7C8A-4FBA-AF00-3041C34A20CE}.MonoDebug|x86.ActiveCfg = MonoDebug|Any CPU
		{E8B18958-7C8A-4FBA-AF00-3041C34A20CE}.MonoRelease|Any CPU.ActiveCfg = MonoRelease|Any CPU
		{E8B18958-7C8A-4FBA-AF00-3041C34A20CE}.MonoRelease|Any CPU.Build.0 = MonoRelease|Any CPU
		{E8B18958-7C8A-4FBA-AF00-3041C34A20CE}.MonoRelease|Mixed Platforms.ActiveCfg = MonoRelease|Any CPU
		{E8B18958-7C8A-4FBA-AF00-3041C34A20CE}.MonoRelease|Mixed Platforms.Build.0 = MonoRelease|Any CPU
		{E8B18958-7C8A-4FBA-AF00-3041C34A20CE}.MonoRelease|x86.ActiveCfg = MonoRelease|Any CPU
		{E8B18958-7C8A-4FBA-AF00-3041C34A20CE}.Release|Any CPU.ActiveCfg = Release|Any CPU
		{E8B18958-7C8A-4FBA-AF00-3041C34A20CE}.Release|Any CPU.Build.0 = Release|Any CPU
		{E8B18958-7C8A-4FBA-AF00-3041C34A20CE}.Release|Mixed Platforms.ActiveCfg = Release|Any CPU
		{E8B18958-7C8A-4FBA-AF00-3041C34A20CE}.Release|Mixed Platforms.Build.0 = Release|Any CPU
		{E8B18958-7C8A-4FBA-AF00-3041C34A20CE}.Release|x86.ActiveCfg = Release|Any CPU
		{4E974051-38C2-4B5D-A6B1-F265A428A673}.Debug|Any CPU.ActiveCfg = Debug|Any CPU
		{4E974051-38C2-4B5D-A6B1-F265A428A673}.Debug|Any CPU.Build.0 = Debug|Any CPU
		{4E974051-38C2-4B5D-A6B1-F265A428A673}.Debug|Mixed Platforms.ActiveCfg = Debug|Any CPU
		{4E974051-38C2-4B5D-A6B1-F265A428A673}.Debug|Mixed Platforms.Build.0 = Debug|Any CPU
		{4E974051-38C2-4B5D-A6B1-F265A428A673}.Debug|x86.ActiveCfg = Debug|Any CPU
		{4E974051-38C2-4B5D-A6B1-F265A428A673}.MonoDebug|Any CPU.ActiveCfg = MonoDebug|Any CPU
		{4E974051-38C2-4B5D-A6B1-F265A428A673}.MonoDebug|Any CPU.Build.0 = MonoDebug|Any CPU
		{4E974051-38C2-4B5D-A6B1-F265A428A673}.MonoDebug|Mixed Platforms.ActiveCfg = MonoDebug|Any CPU
		{4E974051-38C2-4B5D-A6B1-F265A428A673}.MonoDebug|Mixed Platforms.Build.0 = MonoDebug|Any CPU
		{4E974051-38C2-4B5D-A6B1-F265A428A673}.MonoDebug|x86.ActiveCfg = MonoDebug|Any CPU
		{4E974051-38C2-4B5D-A6B1-F265A428A673}.MonoRelease|Any CPU.ActiveCfg = MonoRelease|Any CPU
		{4E974051-38C2-4B5D-A6B1-F265A428A673}.MonoRelease|Any CPU.Build.0 = MonoRelease|Any CPU
		{4E974051-38C2-4B5D-A6B1-F265A428A673}.MonoRelease|Mixed Platforms.ActiveCfg = MonoRelease|Any CPU
		{4E974051-38C2-4B5D-A6B1-F265A428A673}.MonoRelease|Mixed Platforms.Build.0 = MonoRelease|Any CPU
		{4E974051-38C2-4B5D-A6B1-F265A428A673}.MonoRelease|x86.ActiveCfg = MonoRelease|Any CPU
		{4E974051-38C2-4B5D-A6B1-F265A428A673}.Release|Any CPU.ActiveCfg = Release|Any CPU
		{4E974051-38C2-4B5D-A6B1-F265A428A673}.Release|Any CPU.Build.0 = Release|Any CPU
		{4E974051-38C2-4B5D-A6B1-F265A428A673}.Release|Mixed Platforms.ActiveCfg = Release|Any CPU
		{4E974051-38C2-4B5D-A6B1-F265A428A673}.Release|Mixed Platforms.Build.0 = Release|Any CPU
		{4E974051-38C2-4B5D-A6B1-F265A428A673}.Release|x86.ActiveCfg = Release|Any CPU
		{0CBDD236-9F63-4CCA-984E-001E1F353E8D}.Debug|Any CPU.ActiveCfg = Debug|Any CPU
		{0CBDD236-9F63-4CCA-984E-001E1F353E8D}.Debug|Any CPU.Build.0 = Debug|Any CPU
		{0CBDD236-9F63-4CCA-984E-001E1F353E8D}.Debug|Mixed Platforms.ActiveCfg = Debug|Any CPU
		{0CBDD236-9F63-4CCA-984E-001E1F353E8D}.Debug|Mixed Platforms.Build.0 = Debug|Any CPU
		{0CBDD236-9F63-4CCA-984E-001E1F353E8D}.Debug|x86.ActiveCfg = Debug|Any CPU
		{0CBDD236-9F63-4CCA-984E-001E1F353E8D}.MonoDebug|Any CPU.ActiveCfg = Debug|Any CPU
		{0CBDD236-9F63-4CCA-984E-001E1F353E8D}.MonoDebug|Any CPU.Build.0 = Debug|Any CPU
		{0CBDD236-9F63-4CCA-984E-001E1F353E8D}.MonoDebug|Mixed Platforms.ActiveCfg = Debug|Any CPU
		{0CBDD236-9F63-4CCA-984E-001E1F353E8D}.MonoDebug|Mixed Platforms.Build.0 = Debug|Any CPU
		{0CBDD236-9F63-4CCA-984E-001E1F353E8D}.MonoDebug|x86.ActiveCfg = Debug|Any CPU
		{0CBDD236-9F63-4CCA-984E-001E1F353E8D}.MonoRelease|Any CPU.ActiveCfg = Release|Any CPU
		{0CBDD236-9F63-4CCA-984E-001E1F353E8D}.MonoRelease|Any CPU.Build.0 = Release|Any CPU
		{0CBDD236-9F63-4CCA-984E-001E1F353E8D}.MonoRelease|Mixed Platforms.ActiveCfg = Release|Any CPU
		{0CBDD236-9F63-4CCA-984E-001E1F353E8D}.MonoRelease|Mixed Platforms.Build.0 = Release|Any CPU
		{0CBDD236-9F63-4CCA-984E-001E1F353E8D}.MonoRelease|x86.ActiveCfg = Release|Any CPU
		{0CBDD236-9F63-4CCA-984E-001E1F353E8D}.Release|Any CPU.ActiveCfg = Release|Any CPU
		{0CBDD236-9F63-4CCA-984E-001E1F353E8D}.Release|Any CPU.Build.0 = Release|Any CPU
		{0CBDD236-9F63-4CCA-984E-001E1F353E8D}.Release|Mixed Platforms.ActiveCfg = Release|Any CPU
		{0CBDD236-9F63-4CCA-984E-001E1F353E8D}.Release|Mixed Platforms.Build.0 = Release|Any CPU
		{0CBDD236-9F63-4CCA-984E-001E1F353E8D}.Release|x86.ActiveCfg = Release|Any CPU
		{2C6F51DF-015C-4DB6-B44C-0E5E4F25E2A9}.Debug|Any CPU.ActiveCfg = Debug|Any CPU
		{2C6F51DF-015C-4DB6-B44C-0E5E4F25E2A9}.Debug|Any CPU.Build.0 = Debug|Any CPU
		{2C6F51DF-015C-4DB6-B44C-0E5E4F25E2A9}.Debug|Mixed Platforms.ActiveCfg = Debug|Any CPU
		{2C6F51DF-015C-4DB6-B44C-0E5E4F25E2A9}.Debug|Mixed Platforms.Build.0 = Debug|Any CPU
		{2C6F51DF-015C-4DB6-B44C-0E5E4F25E2A9}.Debug|x86.ActiveCfg = Debug|Any CPU
		{2C6F51DF-015C-4DB6-B44C-0E5E4F25E2A9}.MonoDebug|Any CPU.ActiveCfg = MonoDebug|Any CPU
		{2C6F51DF-015C-4DB6-B44C-0E5E4F25E2A9}.MonoDebug|Any CPU.Build.0 = MonoDebug|Any CPU
		{2C6F51DF-015C-4DB6-B44C-0E5E4F25E2A9}.MonoDebug|Mixed Platforms.ActiveCfg = MonoDebug|Any CPU
		{2C6F51DF-015C-4DB6-B44C-0E5E4F25E2A9}.MonoDebug|Mixed Platforms.Build.0 = MonoDebug|Any CPU
		{2C6F51DF-015C-4DB6-B44C-0E5E4F25E2A9}.MonoDebug|x86.ActiveCfg = MonoDebug|Any CPU
		{2C6F51DF-015C-4DB6-B44C-0E5E4F25E2A9}.MonoRelease|Any CPU.ActiveCfg = MonoRelease|Any CPU
		{2C6F51DF-015C-4DB6-B44C-0E5E4F25E2A9}.MonoRelease|Any CPU.Build.0 = MonoRelease|Any CPU
		{2C6F51DF-015C-4DB6-B44C-0E5E4F25E2A9}.MonoRelease|Mixed Platforms.ActiveCfg = MonoRelease|Any CPU
		{2C6F51DF-015C-4DB6-B44C-0E5E4F25E2A9}.MonoRelease|Mixed Platforms.Build.0 = MonoRelease|Any CPU
		{2C6F51DF-015C-4DB6-B44C-0E5E4F25E2A9}.MonoRelease|x86.ActiveCfg = MonoRelease|Any CPU
		{2C6F51DF-015C-4DB6-B44C-0E5E4F25E2A9}.Release|Any CPU.ActiveCfg = Release|Any CPU
		{2C6F51DF-015C-4DB6-B44C-0E5E4F25E2A9}.Release|Any CPU.Build.0 = Release|Any CPU
		{2C6F51DF-015C-4DB6-B44C-0E5E4F25E2A9}.Release|Mixed Platforms.ActiveCfg = Release|Any CPU
		{2C6F51DF-015C-4DB6-B44C-0E5E4F25E2A9}.Release|Mixed Platforms.Build.0 = Release|Any CPU
		{2C6F51DF-015C-4DB6-B44C-0E5E4F25E2A9}.Release|x86.ActiveCfg = Release|Any CPU
		{15B7F794-0BB2-4B66-AD78-4A951F1209B2}.Debug|Any CPU.ActiveCfg = Debug|Any CPU
		{15B7F794-0BB2-4B66-AD78-4A951F1209B2}.Debug|Any CPU.Build.0 = Debug|Any CPU
		{15B7F794-0BB2-4B66-AD78-4A951F1209B2}.Debug|Mixed Platforms.ActiveCfg = Debug|Any CPU
		{15B7F794-0BB2-4B66-AD78-4A951F1209B2}.Debug|Mixed Platforms.Build.0 = Debug|Any CPU
		{15B7F794-0BB2-4B66-AD78-4A951F1209B2}.Debug|x86.ActiveCfg = Debug|Any CPU
		{15B7F794-0BB2-4B66-AD78-4A951F1209B2}.MonoDebug|Any CPU.ActiveCfg = MonoDebug|Any CPU
		{15B7F794-0BB2-4B66-AD78-4A951F1209B2}.MonoDebug|Any CPU.Build.0 = MonoDebug|Any CPU
		{15B7F794-0BB2-4B66-AD78-4A951F1209B2}.MonoDebug|Mixed Platforms.ActiveCfg = MonoDebug|Any CPU
		{15B7F794-0BB2-4B66-AD78-4A951F1209B2}.MonoDebug|Mixed Platforms.Build.0 = MonoDebug|Any CPU
		{15B7F794-0BB2-4B66-AD78-4A951F1209B2}.MonoDebug|x86.ActiveCfg = MonoDebug|Any CPU
		{15B7F794-0BB2-4B66-AD78-4A951F1209B2}.MonoRelease|Any CPU.ActiveCfg = MonoRelease|Any CPU
		{15B7F794-0BB2-4B66-AD78-4A951F1209B2}.MonoRelease|Any CPU.Build.0 = MonoRelease|Any CPU
		{15B7F794-0BB2-4B66-AD78-4A951F1209B2}.MonoRelease|Mixed Platforms.ActiveCfg = MonoRelease|Any CPU
		{15B7F794-0BB2-4B66-AD78-4A951F1209B2}.MonoRelease|Mixed Platforms.Build.0 = MonoRelease|Any CPU
		{15B7F794-0BB2-4B66-AD78-4A951F1209B2}.MonoRelease|x86.ActiveCfg = MonoRelease|Any CPU
		{15B7F794-0BB2-4B66-AD78-4A951F1209B2}.Release|Any CPU.ActiveCfg = Release|Any CPU
		{15B7F794-0BB2-4B66-AD78-4A951F1209B2}.Release|Any CPU.Build.0 = Release|Any CPU
		{15B7F794-0BB2-4B66-AD78-4A951F1209B2}.Release|Mixed Platforms.ActiveCfg = Release|Any CPU
		{15B7F794-0BB2-4B66-AD78-4A951F1209B2}.Release|Mixed Platforms.Build.0 = Release|Any CPU
		{15B7F794-0BB2-4B66-AD78-4A951F1209B2}.Release|x86.ActiveCfg = Release|Any CPU
		{EDF3E264-2D0F-4440-99FF-45D279A598A9}.Debug|Any CPU.ActiveCfg = Debug|x86
		{EDF3E264-2D0F-4440-99FF-45D279A598A9}.Debug|Mixed Platforms.ActiveCfg = Debug|x86
		{EDF3E264-2D0F-4440-99FF-45D279A598A9}.Debug|Mixed Platforms.Build.0 = Debug|x86
		{EDF3E264-2D0F-4440-99FF-45D279A598A9}.Debug|x86.ActiveCfg = Debug|x86
		{EDF3E264-2D0F-4440-99FF-45D279A598A9}.Debug|x86.Build.0 = Debug|x86
		{EDF3E264-2D0F-4440-99FF-45D279A598A9}.MonoDebug|Any CPU.ActiveCfg = Debug|x86
		{EDF3E264-2D0F-4440-99FF-45D279A598A9}.MonoDebug|Mixed Platforms.ActiveCfg = Debug|x86
		{EDF3E264-2D0F-4440-99FF-45D279A598A9}.MonoDebug|Mixed Platforms.Build.0 = Debug|x86
		{EDF3E264-2D0F-4440-99FF-45D279A598A9}.MonoDebug|x86.ActiveCfg = Debug|x86
		{EDF3E264-2D0F-4440-99FF-45D279A598A9}.MonoDebug|x86.Build.0 = Debug|x86
		{EDF3E264-2D0F-4440-99FF-45D279A598A9}.MonoRelease|Any CPU.ActiveCfg = Release|x86
		{EDF3E264-2D0F-4440-99FF-45D279A598A9}.MonoRelease|Mixed Platforms.ActiveCfg = Release|x86
		{EDF3E264-2D0F-4440-99FF-45D279A598A9}.MonoRelease|Mixed Platforms.Build.0 = Release|x86
		{EDF3E264-2D0F-4440-99FF-45D279A598A9}.MonoRelease|x86.ActiveCfg = Release|x86
		{EDF3E264-2D0F-4440-99FF-45D279A598A9}.MonoRelease|x86.Build.0 = Release|x86
		{EDF3E264-2D0F-4440-99FF-45D279A598A9}.Release|Any CPU.ActiveCfg = Release|x86
		{EDF3E264-2D0F-4440-99FF-45D279A598A9}.Release|Mixed Platforms.ActiveCfg = Release|x86
		{EDF3E264-2D0F-4440-99FF-45D279A598A9}.Release|Mixed Platforms.Build.0 = Release|x86
		{EDF3E264-2D0F-4440-99FF-45D279A598A9}.Release|x86.ActiveCfg = Release|x86
		{EDF3E264-2D0F-4440-99FF-45D279A598A9}.Release|x86.Build.0 = Release|x86
	EndGlobalSection
	GlobalSection(SolutionProperties) = preSolution
		HideSolutionNode = FALSE
	EndGlobalSection
	GlobalSection(NestedProjects) = preSolution
		{34576216-0DCA-4B0F-A0DC-9075E75A676F} = {D2901C5A-522E-4490-AF6A-E6A4C058DB83}
		{857E540C-0092-4590-A279-F98A6B77AC0A} = {D2901C5A-522E-4490-AF6A-E6A4C058DB83}
		{E8B18958-7C8A-4FBA-AF00-3041C34A20CE} = {D2901C5A-522E-4490-AF6A-E6A4C058DB83}
		{4E974051-38C2-4B5D-A6B1-F265A428A673} = {D2901C5A-522E-4490-AF6A-E6A4C058DB83}
		{2C6F51DF-015C-4DB6-B44C-0E5E4F25E2A9} = {D2901C5A-522E-4490-AF6A-E6A4C058DB83}
		{15B7F794-0BB2-4B66-AD78-4A951F1209B2} = {D2901C5A-522E-4490-AF6A-E6A4C058DB83}
		{EDF3E264-2D0F-4440-99FF-45D279A598A9} = {D2901C5A-522E-4490-AF6A-E6A4C058DB83}
	EndGlobalSection
EndGlobal
